// !$*UTF8*$!
{
	archiveVersion = 1;
	classes = {
	};
	objectVersion = 46;
	objects = {

/* Begin PBXBuildFile section */
		22281D691EC96728002DA3A9 /* AppDelegate.swift in Sources */ = {isa = PBXBuildFile; fileRef = 22281D681EC96728002DA3A9 /* AppDelegate.swift */; };
		22281D6B1EC96728002DA3A9 /* ViewController.swift in Sources */ = {isa = PBXBuildFile; fileRef = 22281D6A1EC96728002DA3A9 /* ViewController.swift */; };
		22281D6E1EC96729002DA3A9 /* Main.storyboard in Resources */ = {isa = PBXBuildFile; fileRef = 22281D6C1EC96729002DA3A9 /* Main.storyboard */; };
		22281D701EC96729002DA3A9 /* Assets.xcassets in Resources */ = {isa = PBXBuildFile; fileRef = 22281D6F1EC96729002DA3A9 /* Assets.xcassets */; };
		22281D731EC96729002DA3A9 /* LaunchScreen.storyboard in Resources */ = {isa = PBXBuildFile; fileRef = 22281D711EC96729002DA3A9 /* LaunchScreen.storyboard */; };
		22281D7E1EC96729002DA3A9 /* OrlyLiquidMetalTests.swift in Sources */ = {isa = PBXBuildFile; fileRef = 22281D7D1EC96729002DA3A9 /* OrlyLiquidMetalTests.swift */; };
		22281D891EC96729002DA3A9 /* OrlyLiquidMetalUITests.swift in Sources */ = {isa = PBXBuildFile; fileRef = 22281D881EC96729002DA3A9 /* OrlyLiquidMetalUITests.swift */; };
		22281E601EC967D1002DA3A9 /* b2BroadPhase.cpp in Sources */ = {isa = PBXBuildFile; fileRef = 22281D9B1EC967D0002DA3A9 /* b2BroadPhase.cpp */; };
		22281E611EC967D1002DA3A9 /* b2CollideCircle.cpp in Sources */ = {isa = PBXBuildFile; fileRef = 22281D9D1EC967D0002DA3A9 /* b2CollideCircle.cpp */; };
		22281E621EC967D1002DA3A9 /* b2CollideEdge.cpp in Sources */ = {isa = PBXBuildFile; fileRef = 22281D9E1EC967D0002DA3A9 /* b2CollideEdge.cpp */; };
		22281E631EC967D1002DA3A9 /* b2CollidePolygon.cpp in Sources */ = {isa = PBXBuildFile; fileRef = 22281D9F1EC967D0002DA3A9 /* b2CollidePolygon.cpp */; };
		22281E641EC967D1002DA3A9 /* b2Collision.cpp in Sources */ = {isa = PBXBuildFile; fileRef = 22281DA01EC967D0002DA3A9 /* b2Collision.cpp */; };
		22281E651EC967D1002DA3A9 /* b2Distance.cpp in Sources */ = {isa = PBXBuildFile; fileRef = 22281DA21EC967D0002DA3A9 /* b2Distance.cpp */; };
		22281E661EC967D1002DA3A9 /* b2DynamicTree.cpp in Sources */ = {isa = PBXBuildFile; fileRef = 22281DA41EC967D0002DA3A9 /* b2DynamicTree.cpp */; };
		22281E671EC967D1002DA3A9 /* b2TimeOfImpact.cpp in Sources */ = {isa = PBXBuildFile; fileRef = 22281DA61EC967D0002DA3A9 /* b2TimeOfImpact.cpp */; };
		22281E681EC967D1002DA3A9 /* b2ChainShape.cpp in Sources */ = {isa = PBXBuildFile; fileRef = 22281DA91EC967D0002DA3A9 /* b2ChainShape.cpp */; };
		22281E691EC967D1002DA3A9 /* b2CircleShape.cpp in Sources */ = {isa = PBXBuildFile; fileRef = 22281DAB1EC967D0002DA3A9 /* b2CircleShape.cpp */; };
		22281E6A1EC967D1002DA3A9 /* b2EdgeShape.cpp in Sources */ = {isa = PBXBuildFile; fileRef = 22281DAD1EC967D0002DA3A9 /* b2EdgeShape.cpp */; };
		22281E6B1EC967D1002DA3A9 /* b2PolygonShape.cpp in Sources */ = {isa = PBXBuildFile; fileRef = 22281DAF1EC967D0002DA3A9 /* b2PolygonShape.cpp */; };
		22281E6C1EC967D1002DA3A9 /* b2BlockAllocator.cpp in Sources */ = {isa = PBXBuildFile; fileRef = 22281DB31EC967D0002DA3A9 /* b2BlockAllocator.cpp */; };
		22281E6D1EC967D1002DA3A9 /* b2Draw.cpp in Sources */ = {isa = PBXBuildFile; fileRef = 22281DB51EC967D0002DA3A9 /* b2Draw.cpp */; };
		22281E6E1EC967D1002DA3A9 /* b2FreeList.cpp in Sources */ = {isa = PBXBuildFile; fileRef = 22281DB71EC967D0002DA3A9 /* b2FreeList.cpp */; };
		22281E6F1EC967D1002DA3A9 /* b2Math.cpp in Sources */ = {isa = PBXBuildFile; fileRef = 22281DBC1EC967D0002DA3A9 /* b2Math.cpp */; };
		22281E701EC967D1002DA3A9 /* b2Settings.cpp in Sources */ = {isa = PBXBuildFile; fileRef = 22281DBE1EC967D0002DA3A9 /* b2Settings.cpp */; };
		22281E711EC967D1002DA3A9 /* b2StackAllocator.cpp in Sources */ = {isa = PBXBuildFile; fileRef = 22281DC11EC967D0002DA3A9 /* b2StackAllocator.cpp */; };
		22281E721EC967D1002DA3A9 /* b2Stat.cpp in Sources */ = {isa = PBXBuildFile; fileRef = 22281DC31EC967D0002DA3A9 /* b2Stat.cpp */; };
		22281E731EC967D1002DA3A9 /* b2Timer.cpp in Sources */ = {isa = PBXBuildFile; fileRef = 22281DC51EC967D0002DA3A9 /* b2Timer.cpp */; };
		22281E741EC967D1002DA3A9 /* b2TrackedBlock.cpp in Sources */ = {isa = PBXBuildFile; fileRef = 22281DC71EC967D0002DA3A9 /* b2TrackedBlock.cpp */; };
		22281EB81EC967D1002DA3A9 /* b2Body.cpp in Sources */ = {isa = PBXBuildFile; fileRef = 22281E141EC967D0002DA3A9 /* b2Body.cpp */; };
		22281EB91EC967D1002DA3A9 /* b2ContactManager.cpp in Sources */ = {isa = PBXBuildFile; fileRef = 22281E161EC967D0002DA3A9 /* b2ContactManager.cpp */; };
		22281EBA1EC967D1002DA3A9 /* b2Fixture.cpp in Sources */ = {isa = PBXBuildFile; fileRef = 22281E181EC967D0002DA3A9 /* b2Fixture.cpp */; };
		22281EBB1EC967D1002DA3A9 /* b2Island.cpp in Sources */ = {isa = PBXBuildFile; fileRef = 22281E1A1EC967D0002DA3A9 /* b2Island.cpp */; };
		22281EBC1EC967D1002DA3A9 /* b2World.cpp in Sources */ = {isa = PBXBuildFile; fileRef = 22281E1D1EC967D0002DA3A9 /* b2World.cpp */; };
		22281EBD1EC967D1002DA3A9 /* b2WorldCallbacks.cpp in Sources */ = {isa = PBXBuildFile; fileRef = 22281E1F1EC967D1002DA3A9 /* b2WorldCallbacks.cpp */; };
		22281EBE1EC967D1002DA3A9 /* b2ChainAndCircleContact.cpp in Sources */ = {isa = PBXBuildFile; fileRef = 22281E221EC967D1002DA3A9 /* b2ChainAndCircleContact.cpp */; };
		22281EBF1EC967D1002DA3A9 /* b2ChainAndPolygonContact.cpp in Sources */ = {isa = PBXBuildFile; fileRef = 22281E241EC967D1002DA3A9 /* b2ChainAndPolygonContact.cpp */; };
		22281EC01EC967D1002DA3A9 /* b2CircleContact.cpp in Sources */ = {isa = PBXBuildFile; fileRef = 22281E261EC967D1002DA3A9 /* b2CircleContact.cpp */; };
		22281EC11EC967D1002DA3A9 /* b2Contact.cpp in Sources */ = {isa = PBXBuildFile; fileRef = 22281E281EC967D1002DA3A9 /* b2Contact.cpp */; };
		22281EC21EC967D1002DA3A9 /* b2ContactSolver.cpp in Sources */ = {isa = PBXBuildFile; fileRef = 22281E2A1EC967D1002DA3A9 /* b2ContactSolver.cpp */; };
		22281EC31EC967D1002DA3A9 /* b2EdgeAndCircleContact.cpp in Sources */ = {isa = PBXBuildFile; fileRef = 22281E2C1EC967D1002DA3A9 /* b2EdgeAndCircleContact.cpp */; };
		22281EC41EC967D1002DA3A9 /* b2EdgeAndPolygonContact.cpp in Sources */ = {isa = PBXBuildFile; fileRef = 22281E2E1EC967D1002DA3A9 /* b2EdgeAndPolygonContact.cpp */; };
		22281EC51EC967D1002DA3A9 /* b2PolygonAndCircleContact.cpp in Sources */ = {isa = PBXBuildFile; fileRef = 22281E301EC967D1002DA3A9 /* b2PolygonAndCircleContact.cpp */; };
		22281EC61EC967D1002DA3A9 /* b2PolygonContact.cpp in Sources */ = {isa = PBXBuildFile; fileRef = 22281E321EC967D1002DA3A9 /* b2PolygonContact.cpp */; };
		22281EC71EC967D1002DA3A9 /* b2DistanceJoint.cpp in Sources */ = {isa = PBXBuildFile; fileRef = 22281E351EC967D1002DA3A9 /* b2DistanceJoint.cpp */; };
		22281EC81EC967D1002DA3A9 /* b2FrictionJoint.cpp in Sources */ = {isa = PBXBuildFile; fileRef = 22281E371EC967D1002DA3A9 /* b2FrictionJoint.cpp */; };
		22281EC91EC967D1002DA3A9 /* b2GearJoint.cpp in Sources */ = {isa = PBXBuildFile; fileRef = 22281E391EC967D1002DA3A9 /* b2GearJoint.cpp */; };
		22281ECA1EC967D1002DA3A9 /* b2Joint.cpp in Sources */ = {isa = PBXBuildFile; fileRef = 22281E3B1EC967D1002DA3A9 /* b2Joint.cpp */; };
		22281ECB1EC967D1002DA3A9 /* b2MotorJoint.cpp in Sources */ = {isa = PBXBuildFile; fileRef = 22281E3D1EC967D1002DA3A9 /* b2MotorJoint.cpp */; };
		22281ECC1EC967D1002DA3A9 /* b2MouseJoint.cpp in Sources */ = {isa = PBXBuildFile; fileRef = 22281E3F1EC967D1002DA3A9 /* b2MouseJoint.cpp */; };
		22281ECD1EC967D1002DA3A9 /* b2PrismaticJoint.cpp in Sources */ = {isa = PBXBuildFile; fileRef = 22281E411EC967D1002DA3A9 /* b2PrismaticJoint.cpp */; };
		22281ECE1EC967D1002DA3A9 /* b2PulleyJoint.cpp in Sources */ = {isa = PBXBuildFile; fileRef = 22281E431EC967D1002DA3A9 /* b2PulleyJoint.cpp */; };
		22281ECF1EC967D1002DA3A9 /* b2RevoluteJoint.cpp in Sources */ = {isa = PBXBuildFile; fileRef = 22281E451EC967D1002DA3A9 /* b2RevoluteJoint.cpp */; };
		22281ED01EC967D1002DA3A9 /* b2RopeJoint.cpp in Sources */ = {isa = PBXBuildFile; fileRef = 22281E471EC967D1002DA3A9 /* b2RopeJoint.cpp */; };
		22281ED11EC967D1002DA3A9 /* b2WeldJoint.cpp in Sources */ = {isa = PBXBuildFile; fileRef = 22281E491EC967D1002DA3A9 /* b2WeldJoint.cpp */; };
		22281ED21EC967D1002DA3A9 /* b2WheelJoint.cpp in Sources */ = {isa = PBXBuildFile; fileRef = 22281E4B1EC967D1002DA3A9 /* b2WheelJoint.cpp */; };
		22281ED31EC967D1002DA3A9 /* b2Particle.cpp in Sources */ = {isa = PBXBuildFile; fileRef = 22281E4E1EC967D1002DA3A9 /* b2Particle.cpp */; };
		22281ED61EC967D1002DA3A9 /* b2ParticleGroup.cpp in Sources */ = {isa = PBXBuildFile; fileRef = 22281E531EC967D1002DA3A9 /* b2ParticleGroup.cpp */; };
		22281ED71EC967D1002DA3A9 /* b2ParticleSystem.cpp in Sources */ = {isa = PBXBuildFile; fileRef = 22281E551EC967D1002DA3A9 /* b2ParticleSystem.cpp */; };
		22281ED81EC967D1002DA3A9 /* b2VoronoiDiagram.cpp in Sources */ = {isa = PBXBuildFile; fileRef = 22281E581EC967D1002DA3A9 /* b2VoronoiDiagram.cpp */; };
		22281ED91EC967D1002DA3A9 /* b2Rope.cpp in Sources */ = {isa = PBXBuildFile; fileRef = 22281E5B1EC967D1002DA3A9 /* b2Rope.cpp */; };
		22281EDD1EC96BB4002DA3A9 /* LiquidFun.mm in Sources */ = {isa = PBXBuildFile; fileRef = 22281EDC1EC96BB4002DA3A9 /* LiquidFun.mm */; };
		2245FB241ECAE15C003E6148 /* AudioKit.framework in Frameworks */ = {isa = PBXBuildFile; fileRef = 2245FB231ECAE15C003E6148 /* AudioKit.framework */; };
		2245FB251ECAE15C003E6148 /* AudioKit.framework in Embed Frameworks */ = {isa = PBXBuildFile; fileRef = 2245FB231ECAE15C003E6148 /* AudioKit.framework */; settings = {ATTRIBUTES = (CodeSignOnCopy, RemoveHeadersOnCopy, ); }; };
		22C7BD141EC9A10900D7C573 /* Shaders.metal in Sources */ = {isa = PBXBuildFile; fileRef = 22C7BD131EC9A10900D7C573 /* Shaders.metal */; };
/* End PBXBuildFile section */

/* Begin PBXContainerItemProxy section */
		22281D7A1EC96729002DA3A9 /* PBXContainerItemProxy */ = {
			isa = PBXContainerItemProxy;
			containerPortal = 22281D5D1EC96728002DA3A9 /* Project object */;
			proxyType = 1;
			remoteGlobalIDString = 22281D641EC96728002DA3A9;
			remoteInfo = OrlyLiquidMetal;
		};
		22281D851EC96729002DA3A9 /* PBXContainerItemProxy */ = {
			isa = PBXContainerItemProxy;
			containerPortal = 22281D5D1EC96728002DA3A9 /* Project object */;
			proxyType = 1;
			remoteGlobalIDString = 22281D641EC96728002DA3A9;
			remoteInfo = OrlyLiquidMetal;
		};
/* End PBXContainerItemProxy section */

/* Begin PBXCopyFilesBuildPhase section */
		2245FB261ECAE15C003E6148 /* Embed Frameworks */ = {
			isa = PBXCopyFilesBuildPhase;
			buildActionMask = 2147483647;
			dstPath = "";
			dstSubfolderSpec = 10;
			files = (
				2245FB251ECAE15C003E6148 /* AudioKit.framework in Embed Frameworks */,
			);
			name = "Embed Frameworks";
			runOnlyForDeploymentPostprocessing = 0;
		};
/* End PBXCopyFilesBuildPhase section */

/* Begin PBXFileReference section */
		22281D651EC96728002DA3A9 /* OrlyLiquidMetal.app */ = {isa = PBXFileReference; explicitFileType = wrapper.application; includeInIndex = 0; path = OrlyLiquidMetal.app; sourceTree = BUILT_PRODUCTS_DIR; };
		22281D681EC96728002DA3A9 /* AppDelegate.swift */ = {isa = PBXFileReference; lastKnownFileType = sourcecode.swift; path = AppDelegate.swift; sourceTree = "<group>"; };
		22281D6A1EC96728002DA3A9 /* ViewController.swift */ = {isa = PBXFileReference; lastKnownFileType = sourcecode.swift; path = ViewController.swift; sourceTree = "<group>"; };
		22281D6D1EC96729002DA3A9 /* Base */ = {isa = PBXFileReference; lastKnownFileType = file.storyboard; name = Base; path = Base.lproj/Main.storyboard; sourceTree = "<group>"; };
		22281D6F1EC96729002DA3A9 /* Assets.xcassets */ = {isa = PBXFileReference; lastKnownFileType = folder.assetcatalog; path = Assets.xcassets; sourceTree = "<group>"; };
		22281D721EC96729002DA3A9 /* Base */ = {isa = PBXFileReference; lastKnownFileType = file.storyboard; name = Base; path = Base.lproj/LaunchScreen.storyboard; sourceTree = "<group>"; };
		22281D741EC96729002DA3A9 /* Info.plist */ = {isa = PBXFileReference; lastKnownFileType = text.plist.xml; path = Info.plist; sourceTree = "<group>"; };
		22281D791EC96729002DA3A9 /* OrlyLiquidMetalTests.xctest */ = {isa = PBXFileReference; explicitFileType = wrapper.cfbundle; includeInIndex = 0; path = OrlyLiquidMetalTests.xctest; sourceTree = BUILT_PRODUCTS_DIR; };
		22281D7D1EC96729002DA3A9 /* OrlyLiquidMetalTests.swift */ = {isa = PBXFileReference; lastKnownFileType = sourcecode.swift; path = OrlyLiquidMetalTests.swift; sourceTree = "<group>"; };
		22281D7F1EC96729002DA3A9 /* Info.plist */ = {isa = PBXFileReference; lastKnownFileType = text.plist.xml; path = Info.plist; sourceTree = "<group>"; };
		22281D841EC96729002DA3A9 /* OrlyLiquidMetalUITests.xctest */ = {isa = PBXFileReference; explicitFileType = wrapper.cfbundle; includeInIndex = 0; path = OrlyLiquidMetalUITests.xctest; sourceTree = BUILT_PRODUCTS_DIR; };
		22281D881EC96729002DA3A9 /* OrlyLiquidMetalUITests.swift */ = {isa = PBXFileReference; lastKnownFileType = sourcecode.swift; path = OrlyLiquidMetalUITests.swift; sourceTree = "<group>"; };
		22281D8A1EC96729002DA3A9 /* Info.plist */ = {isa = PBXFileReference; lastKnownFileType = text.plist.xml; path = Info.plist; sourceTree = "<group>"; };
		22281D971EC967D0002DA3A9 /* Box2D.h */ = {isa = PBXFileReference; fileEncoding = 4; lastKnownFileType = sourcecode.c.h; path = Box2D.h; sourceTree = "<group>"; };
		22281D9B1EC967D0002DA3A9 /* b2BroadPhase.cpp */ = {isa = PBXFileReference; fileEncoding = 4; lastKnownFileType = sourcecode.cpp.cpp; path = b2BroadPhase.cpp; sourceTree = "<group>"; };
		22281D9C1EC967D0002DA3A9 /* b2BroadPhase.h */ = {isa = PBXFileReference; fileEncoding = 4; lastKnownFileType = sourcecode.c.h; path = b2BroadPhase.h; sourceTree = "<group>"; };
		22281D9D1EC967D0002DA3A9 /* b2CollideCircle.cpp */ = {isa = PBXFileReference; fileEncoding = 4; lastKnownFileType = sourcecode.cpp.cpp; path = b2CollideCircle.cpp; sourceTree = "<group>"; };
		22281D9E1EC967D0002DA3A9 /* b2CollideEdge.cpp */ = {isa = PBXFileReference; fileEncoding = 4; lastKnownFileType = sourcecode.cpp.cpp; path = b2CollideEdge.cpp; sourceTree = "<group>"; };
		22281D9F1EC967D0002DA3A9 /* b2CollidePolygon.cpp */ = {isa = PBXFileReference; fileEncoding = 4; lastKnownFileType = sourcecode.cpp.cpp; path = b2CollidePolygon.cpp; sourceTree = "<group>"; };
		22281DA01EC967D0002DA3A9 /* b2Collision.cpp */ = {isa = PBXFileReference; fileEncoding = 4; lastKnownFileType = sourcecode.cpp.cpp; path = b2Collision.cpp; sourceTree = "<group>"; };
		22281DA11EC967D0002DA3A9 /* b2Collision.h */ = {isa = PBXFileReference; fileEncoding = 4; lastKnownFileType = sourcecode.c.h; path = b2Collision.h; sourceTree = "<group>"; };
		22281DA21EC967D0002DA3A9 /* b2Distance.cpp */ = {isa = PBXFileReference; fileEncoding = 4; lastKnownFileType = sourcecode.cpp.cpp; path = b2Distance.cpp; sourceTree = "<group>"; };
		22281DA31EC967D0002DA3A9 /* b2Distance.h */ = {isa = PBXFileReference; fileEncoding = 4; lastKnownFileType = sourcecode.c.h; path = b2Distance.h; sourceTree = "<group>"; };
		22281DA41EC967D0002DA3A9 /* b2DynamicTree.cpp */ = {isa = PBXFileReference; fileEncoding = 4; lastKnownFileType = sourcecode.cpp.cpp; path = b2DynamicTree.cpp; sourceTree = "<group>"; };
		22281DA51EC967D0002DA3A9 /* b2DynamicTree.h */ = {isa = PBXFileReference; fileEncoding = 4; lastKnownFileType = sourcecode.c.h; path = b2DynamicTree.h; sourceTree = "<group>"; };
		22281DA61EC967D0002DA3A9 /* b2TimeOfImpact.cpp */ = {isa = PBXFileReference; fileEncoding = 4; lastKnownFileType = sourcecode.cpp.cpp; path = b2TimeOfImpact.cpp; sourceTree = "<group>"; };
		22281DA71EC967D0002DA3A9 /* b2TimeOfImpact.h */ = {isa = PBXFileReference; fileEncoding = 4; lastKnownFileType = sourcecode.c.h; path = b2TimeOfImpact.h; sourceTree = "<group>"; };
		22281DA91EC967D0002DA3A9 /* b2ChainShape.cpp */ = {isa = PBXFileReference; fileEncoding = 4; lastKnownFileType = sourcecode.cpp.cpp; path = b2ChainShape.cpp; sourceTree = "<group>"; };
		22281DAA1EC967D0002DA3A9 /* b2ChainShape.h */ = {isa = PBXFileReference; fileEncoding = 4; lastKnownFileType = sourcecode.c.h; path = b2ChainShape.h; sourceTree = "<group>"; };
		22281DAB1EC967D0002DA3A9 /* b2CircleShape.cpp */ = {isa = PBXFileReference; fileEncoding = 4; lastKnownFileType = sourcecode.cpp.cpp; path = b2CircleShape.cpp; sourceTree = "<group>"; };
		22281DAC1EC967D0002DA3A9 /* b2CircleShape.h */ = {isa = PBXFileReference; fileEncoding = 4; lastKnownFileType = sourcecode.c.h; path = b2CircleShape.h; sourceTree = "<group>"; };
		22281DAD1EC967D0002DA3A9 /* b2EdgeShape.cpp */ = {isa = PBXFileReference; fileEncoding = 4; lastKnownFileType = sourcecode.cpp.cpp; path = b2EdgeShape.cpp; sourceTree = "<group>"; };
		22281DAE1EC967D0002DA3A9 /* b2EdgeShape.h */ = {isa = PBXFileReference; fileEncoding = 4; lastKnownFileType = sourcecode.c.h; path = b2EdgeShape.h; sourceTree = "<group>"; };
		22281DAF1EC967D0002DA3A9 /* b2PolygonShape.cpp */ = {isa = PBXFileReference; fileEncoding = 4; lastKnownFileType = sourcecode.cpp.cpp; path = b2PolygonShape.cpp; sourceTree = "<group>"; };
		22281DB01EC967D0002DA3A9 /* b2PolygonShape.h */ = {isa = PBXFileReference; fileEncoding = 4; lastKnownFileType = sourcecode.c.h; path = b2PolygonShape.h; sourceTree = "<group>"; };
		22281DB11EC967D0002DA3A9 /* b2Shape.h */ = {isa = PBXFileReference; fileEncoding = 4; lastKnownFileType = sourcecode.c.h; path = b2Shape.h; sourceTree = "<group>"; };
		22281DB31EC967D0002DA3A9 /* b2BlockAllocator.cpp */ = {isa = PBXFileReference; fileEncoding = 4; lastKnownFileType = sourcecode.cpp.cpp; path = b2BlockAllocator.cpp; sourceTree = "<group>"; };
		22281DB41EC967D0002DA3A9 /* b2BlockAllocator.h */ = {isa = PBXFileReference; fileEncoding = 4; lastKnownFileType = sourcecode.c.h; path = b2BlockAllocator.h; sourceTree = "<group>"; };
		22281DB51EC967D0002DA3A9 /* b2Draw.cpp */ = {isa = PBXFileReference; fileEncoding = 4; lastKnownFileType = sourcecode.cpp.cpp; path = b2Draw.cpp; sourceTree = "<group>"; };
		22281DB61EC967D0002DA3A9 /* b2Draw.h */ = {isa = PBXFileReference; fileEncoding = 4; lastKnownFileType = sourcecode.c.h; path = b2Draw.h; sourceTree = "<group>"; };
		22281DB71EC967D0002DA3A9 /* b2FreeList.cpp */ = {isa = PBXFileReference; fileEncoding = 4; lastKnownFileType = sourcecode.cpp.cpp; path = b2FreeList.cpp; sourceTree = "<group>"; };
		22281DB81EC967D0002DA3A9 /* b2FreeList.h */ = {isa = PBXFileReference; fileEncoding = 4; lastKnownFileType = sourcecode.c.h; path = b2FreeList.h; sourceTree = "<group>"; };
		22281DB91EC967D0002DA3A9 /* b2GrowableBuffer.h */ = {isa = PBXFileReference; fileEncoding = 4; lastKnownFileType = sourcecode.c.h; path = b2GrowableBuffer.h; sourceTree = "<group>"; };
		22281DBA1EC967D0002DA3A9 /* b2GrowableStack.h */ = {isa = PBXFileReference; fileEncoding = 4; lastKnownFileType = sourcecode.c.h; path = b2GrowableStack.h; sourceTree = "<group>"; };
		22281DBB1EC967D0002DA3A9 /* b2IntrusiveList.h */ = {isa = PBXFileReference; fileEncoding = 4; lastKnownFileType = sourcecode.c.h; path = b2IntrusiveList.h; sourceTree = "<group>"; };
		22281DBC1EC967D0002DA3A9 /* b2Math.cpp */ = {isa = PBXFileReference; fileEncoding = 4; lastKnownFileType = sourcecode.cpp.cpp; path = b2Math.cpp; sourceTree = "<group>"; };
		22281DBD1EC967D0002DA3A9 /* b2Math.h */ = {isa = PBXFileReference; fileEncoding = 4; lastKnownFileType = sourcecode.c.h; path = b2Math.h; sourceTree = "<group>"; };
		22281DBE1EC967D0002DA3A9 /* b2Settings.cpp */ = {isa = PBXFileReference; fileEncoding = 4; lastKnownFileType = sourcecode.cpp.cpp; path = b2Settings.cpp; sourceTree = "<group>"; };
		22281DBF1EC967D0002DA3A9 /* b2Settings.h */ = {isa = PBXFileReference; fileEncoding = 4; lastKnownFileType = sourcecode.c.h; path = b2Settings.h; sourceTree = "<group>"; };
		22281DC01EC967D0002DA3A9 /* b2SlabAllocator.h */ = {isa = PBXFileReference; fileEncoding = 4; lastKnownFileType = sourcecode.c.h; path = b2SlabAllocator.h; sourceTree = "<group>"; };
		22281DC11EC967D0002DA3A9 /* b2StackAllocator.cpp */ = {isa = PBXFileReference; fileEncoding = 4; lastKnownFileType = sourcecode.cpp.cpp; path = b2StackAllocator.cpp; sourceTree = "<group>"; };
		22281DC21EC967D0002DA3A9 /* b2StackAllocator.h */ = {isa = PBXFileReference; fileEncoding = 4; lastKnownFileType = sourcecode.c.h; path = b2StackAllocator.h; sourceTree = "<group>"; };
		22281DC31EC967D0002DA3A9 /* b2Stat.cpp */ = {isa = PBXFileReference; fileEncoding = 4; lastKnownFileType = sourcecode.cpp.cpp; path = b2Stat.cpp; sourceTree = "<group>"; };
		22281DC41EC967D0002DA3A9 /* b2Stat.h */ = {isa = PBXFileReference; fileEncoding = 4; lastKnownFileType = sourcecode.c.h; path = b2Stat.h; sourceTree = "<group>"; };
		22281DC51EC967D0002DA3A9 /* b2Timer.cpp */ = {isa = PBXFileReference; fileEncoding = 4; lastKnownFileType = sourcecode.cpp.cpp; path = b2Timer.cpp; sourceTree = "<group>"; };
		22281DC61EC967D0002DA3A9 /* b2Timer.h */ = {isa = PBXFileReference; fileEncoding = 4; lastKnownFileType = sourcecode.c.h; path = b2Timer.h; sourceTree = "<group>"; };
		22281DC71EC967D0002DA3A9 /* b2TrackedBlock.cpp */ = {isa = PBXFileReference; fileEncoding = 4; lastKnownFileType = sourcecode.cpp.cpp; path = b2TrackedBlock.cpp; sourceTree = "<group>"; };
		22281DC81EC967D0002DA3A9 /* b2TrackedBlock.h */ = {isa = PBXFileReference; fileEncoding = 4; lastKnownFileType = sourcecode.c.h; path = b2TrackedBlock.h; sourceTree = "<group>"; };
		22281E141EC967D0002DA3A9 /* b2Body.cpp */ = {isa = PBXFileReference; fileEncoding = 4; lastKnownFileType = sourcecode.cpp.cpp; path = b2Body.cpp; sourceTree = "<group>"; };
		22281E151EC967D0002DA3A9 /* b2Body.h */ = {isa = PBXFileReference; fileEncoding = 4; lastKnownFileType = sourcecode.c.h; path = b2Body.h; sourceTree = "<group>"; };
		22281E161EC967D0002DA3A9 /* b2ContactManager.cpp */ = {isa = PBXFileReference; fileEncoding = 4; lastKnownFileType = sourcecode.cpp.cpp; path = b2ContactManager.cpp; sourceTree = "<group>"; };
		22281E171EC967D0002DA3A9 /* b2ContactManager.h */ = {isa = PBXFileReference; fileEncoding = 4; lastKnownFileType = sourcecode.c.h; path = b2ContactManager.h; sourceTree = "<group>"; };
		22281E181EC967D0002DA3A9 /* b2Fixture.cpp */ = {isa = PBXFileReference; fileEncoding = 4; lastKnownFileType = sourcecode.cpp.cpp; path = b2Fixture.cpp; sourceTree = "<group>"; };
		22281E191EC967D0002DA3A9 /* b2Fixture.h */ = {isa = PBXFileReference; fileEncoding = 4; lastKnownFileType = sourcecode.c.h; path = b2Fixture.h; sourceTree = "<group>"; };
		22281E1A1EC967D0002DA3A9 /* b2Island.cpp */ = {isa = PBXFileReference; fileEncoding = 4; lastKnownFileType = sourcecode.cpp.cpp; path = b2Island.cpp; sourceTree = "<group>"; };
		22281E1B1EC967D0002DA3A9 /* b2Island.h */ = {isa = PBXFileReference; fileEncoding = 4; lastKnownFileType = sourcecode.c.h; path = b2Island.h; sourceTree = "<group>"; };
		22281E1C1EC967D0002DA3A9 /* b2TimeStep.h */ = {isa = PBXFileReference; fileEncoding = 4; lastKnownFileType = sourcecode.c.h; path = b2TimeStep.h; sourceTree = "<group>"; };
		22281E1D1EC967D0002DA3A9 /* b2World.cpp */ = {isa = PBXFileReference; fileEncoding = 4; lastKnownFileType = sourcecode.cpp.cpp; path = b2World.cpp; sourceTree = "<group>"; };
		22281E1E1EC967D0002DA3A9 /* b2World.h */ = {isa = PBXFileReference; fileEncoding = 4; lastKnownFileType = sourcecode.c.h; path = b2World.h; sourceTree = "<group>"; };
		22281E1F1EC967D1002DA3A9 /* b2WorldCallbacks.cpp */ = {isa = PBXFileReference; fileEncoding = 4; lastKnownFileType = sourcecode.cpp.cpp; path = b2WorldCallbacks.cpp; sourceTree = "<group>"; };
		22281E201EC967D1002DA3A9 /* b2WorldCallbacks.h */ = {isa = PBXFileReference; fileEncoding = 4; lastKnownFileType = sourcecode.c.h; path = b2WorldCallbacks.h; sourceTree = "<group>"; };
		22281E221EC967D1002DA3A9 /* b2ChainAndCircleContact.cpp */ = {isa = PBXFileReference; fileEncoding = 4; lastKnownFileType = sourcecode.cpp.cpp; path = b2ChainAndCircleContact.cpp; sourceTree = "<group>"; };
		22281E231EC967D1002DA3A9 /* b2ChainAndCircleContact.h */ = {isa = PBXFileReference; fileEncoding = 4; lastKnownFileType = sourcecode.c.h; path = b2ChainAndCircleContact.h; sourceTree = "<group>"; };
		22281E241EC967D1002DA3A9 /* b2ChainAndPolygonContact.cpp */ = {isa = PBXFileReference; fileEncoding = 4; lastKnownFileType = sourcecode.cpp.cpp; path = b2ChainAndPolygonContact.cpp; sourceTree = "<group>"; };
		22281E251EC967D1002DA3A9 /* b2ChainAndPolygonContact.h */ = {isa = PBXFileReference; fileEncoding = 4; lastKnownFileType = sourcecode.c.h; path = b2ChainAndPolygonContact.h; sourceTree = "<group>"; };
		22281E261EC967D1002DA3A9 /* b2CircleContact.cpp */ = {isa = PBXFileReference; fileEncoding = 4; lastKnownFileType = sourcecode.cpp.cpp; path = b2CircleContact.cpp; sourceTree = "<group>"; };
		22281E271EC967D1002DA3A9 /* b2CircleContact.h */ = {isa = PBXFileReference; fileEncoding = 4; lastKnownFileType = sourcecode.c.h; path = b2CircleContact.h; sourceTree = "<group>"; };
		22281E281EC967D1002DA3A9 /* b2Contact.cpp */ = {isa = PBXFileReference; fileEncoding = 4; lastKnownFileType = sourcecode.cpp.cpp; path = b2Contact.cpp; sourceTree = "<group>"; };
		22281E291EC967D1002DA3A9 /* b2Contact.h */ = {isa = PBXFileReference; fileEncoding = 4; lastKnownFileType = sourcecode.c.h; path = b2Contact.h; sourceTree = "<group>"; };
		22281E2A1EC967D1002DA3A9 /* b2ContactSolver.cpp */ = {isa = PBXFileReference; fileEncoding = 4; lastKnownFileType = sourcecode.cpp.cpp; path = b2ContactSolver.cpp; sourceTree = "<group>"; };
		22281E2B1EC967D1002DA3A9 /* b2ContactSolver.h */ = {isa = PBXFileReference; fileEncoding = 4; lastKnownFileType = sourcecode.c.h; path = b2ContactSolver.h; sourceTree = "<group>"; };
		22281E2C1EC967D1002DA3A9 /* b2EdgeAndCircleContact.cpp */ = {isa = PBXFileReference; fileEncoding = 4; lastKnownFileType = sourcecode.cpp.cpp; path = b2EdgeAndCircleContact.cpp; sourceTree = "<group>"; };
		22281E2D1EC967D1002DA3A9 /* b2EdgeAndCircleContact.h */ = {isa = PBXFileReference; fileEncoding = 4; lastKnownFileType = sourcecode.c.h; path = b2EdgeAndCircleContact.h; sourceTree = "<group>"; };
		22281E2E1EC967D1002DA3A9 /* b2EdgeAndPolygonContact.cpp */ = {isa = PBXFileReference; fileEncoding = 4; lastKnownFileType = sourcecode.cpp.cpp; path = b2EdgeAndPolygonContact.cpp; sourceTree = "<group>"; };
		22281E2F1EC967D1002DA3A9 /* b2EdgeAndPolygonContact.h */ = {isa = PBXFileReference; fileEncoding = 4; lastKnownFileType = sourcecode.c.h; path = b2EdgeAndPolygonContact.h; sourceTree = "<group>"; };
		22281E301EC967D1002DA3A9 /* b2PolygonAndCircleContact.cpp */ = {isa = PBXFileReference; fileEncoding = 4; lastKnownFileType = sourcecode.cpp.cpp; path = b2PolygonAndCircleContact.cpp; sourceTree = "<group>"; };
		22281E311EC967D1002DA3A9 /* b2PolygonAndCircleContact.h */ = {isa = PBXFileReference; fileEncoding = 4; lastKnownFileType = sourcecode.c.h; path = b2PolygonAndCircleContact.h; sourceTree = "<group>"; };
		22281E321EC967D1002DA3A9 /* b2PolygonContact.cpp */ = {isa = PBXFileReference; fileEncoding = 4; lastKnownFileType = sourcecode.cpp.cpp; path = b2PolygonContact.cpp; sourceTree = "<group>"; };
		22281E331EC967D1002DA3A9 /* b2PolygonContact.h */ = {isa = PBXFileReference; fileEncoding = 4; lastKnownFileType = sourcecode.c.h; path = b2PolygonContact.h; sourceTree = "<group>"; };
		22281E351EC967D1002DA3A9 /* b2DistanceJoint.cpp */ = {isa = PBXFileReference; fileEncoding = 4; lastKnownFileType = sourcecode.cpp.cpp; path = b2DistanceJoint.cpp; sourceTree = "<group>"; };
		22281E361EC967D1002DA3A9 /* b2DistanceJoint.h */ = {isa = PBXFileReference; fileEncoding = 4; lastKnownFileType = sourcecode.c.h; path = b2DistanceJoint.h; sourceTree = "<group>"; };
		22281E371EC967D1002DA3A9 /* b2FrictionJoint.cpp */ = {isa = PBXFileReference; fileEncoding = 4; lastKnownFileType = sourcecode.cpp.cpp; path = b2FrictionJoint.cpp; sourceTree = "<group>"; };
		22281E381EC967D1002DA3A9 /* b2FrictionJoint.h */ = {isa = PBXFileReference; fileEncoding = 4; lastKnownFileType = sourcecode.c.h; path = b2FrictionJoint.h; sourceTree = "<group>"; };
		22281E391EC967D1002DA3A9 /* b2GearJoint.cpp */ = {isa = PBXFileReference; fileEncoding = 4; lastKnownFileType = sourcecode.cpp.cpp; path = b2GearJoint.cpp; sourceTree = "<group>"; };
		22281E3A1EC967D1002DA3A9 /* b2GearJoint.h */ = {isa = PBXFileReference; fileEncoding = 4; lastKnownFileType = sourcecode.c.h; path = b2GearJoint.h; sourceTree = "<group>"; };
		22281E3B1EC967D1002DA3A9 /* b2Joint.cpp */ = {isa = PBXFileReference; fileEncoding = 4; lastKnownFileType = sourcecode.cpp.cpp; path = b2Joint.cpp; sourceTree = "<group>"; };
		22281E3C1EC967D1002DA3A9 /* b2Joint.h */ = {isa = PBXFileReference; fileEncoding = 4; lastKnownFileType = sourcecode.c.h; path = b2Joint.h; sourceTree = "<group>"; };
		22281E3D1EC967D1002DA3A9 /* b2MotorJoint.cpp */ = {isa = PBXFileReference; fileEncoding = 4; lastKnownFileType = sourcecode.cpp.cpp; path = b2MotorJoint.cpp; sourceTree = "<group>"; };
		22281E3E1EC967D1002DA3A9 /* b2MotorJoint.h */ = {isa = PBXFileReference; fileEncoding = 4; lastKnownFileType = sourcecode.c.h; path = b2MotorJoint.h; sourceTree = "<group>"; };
		22281E3F1EC967D1002DA3A9 /* b2MouseJoint.cpp */ = {isa = PBXFileReference; fileEncoding = 4; lastKnownFileType = sourcecode.cpp.cpp; path = b2MouseJoint.cpp; sourceTree = "<group>"; };
		22281E401EC967D1002DA3A9 /* b2MouseJoint.h */ = {isa = PBXFileReference; fileEncoding = 4; lastKnownFileType = sourcecode.c.h; path = b2MouseJoint.h; sourceTree = "<group>"; };
		22281E411EC967D1002DA3A9 /* b2PrismaticJoint.cpp */ = {isa = PBXFileReference; fileEncoding = 4; lastKnownFileType = sourcecode.cpp.cpp; path = b2PrismaticJoint.cpp; sourceTree = "<group>"; };
		22281E421EC967D1002DA3A9 /* b2PrismaticJoint.h */ = {isa = PBXFileReference; fileEncoding = 4; lastKnownFileType = sourcecode.c.h; path = b2PrismaticJoint.h; sourceTree = "<group>"; };
		22281E431EC967D1002DA3A9 /* b2PulleyJoint.cpp */ = {isa = PBXFileReference; fileEncoding = 4; lastKnownFileType = sourcecode.cpp.cpp; path = b2PulleyJoint.cpp; sourceTree = "<group>"; };
		22281E441EC967D1002DA3A9 /* b2PulleyJoint.h */ = {isa = PBXFileReference; fileEncoding = 4; lastKnownFileType = sourcecode.c.h; path = b2PulleyJoint.h; sourceTree = "<group>"; };
		22281E451EC967D1002DA3A9 /* b2RevoluteJoint.cpp */ = {isa = PBXFileReference; fileEncoding = 4; lastKnownFileType = sourcecode.cpp.cpp; path = b2RevoluteJoint.cpp; sourceTree = "<group>"; };
		22281E461EC967D1002DA3A9 /* b2RevoluteJoint.h */ = {isa = PBXFileReference; fileEncoding = 4; lastKnownFileType = sourcecode.c.h; path = b2RevoluteJoint.h; sourceTree = "<group>"; };
		22281E471EC967D1002DA3A9 /* b2RopeJoint.cpp */ = {isa = PBXFileReference; fileEncoding = 4; lastKnownFileType = sourcecode.cpp.cpp; path = b2RopeJoint.cpp; sourceTree = "<group>"; };
		22281E481EC967D1002DA3A9 /* b2RopeJoint.h */ = {isa = PBXFileReference; fileEncoding = 4; lastKnownFileType = sourcecode.c.h; path = b2RopeJoint.h; sourceTree = "<group>"; };
		22281E491EC967D1002DA3A9 /* b2WeldJoint.cpp */ = {isa = PBXFileReference; fileEncoding = 4; lastKnownFileType = sourcecode.cpp.cpp; path = b2WeldJoint.cpp; sourceTree = "<group>"; };
		22281E4A1EC967D1002DA3A9 /* b2WeldJoint.h */ = {isa = PBXFileReference; fileEncoding = 4; lastKnownFileType = sourcecode.c.h; path = b2WeldJoint.h; sourceTree = "<group>"; };
		22281E4B1EC967D1002DA3A9 /* b2WheelJoint.cpp */ = {isa = PBXFileReference; fileEncoding = 4; lastKnownFileType = sourcecode.cpp.cpp; path = b2WheelJoint.cpp; sourceTree = "<group>"; };
		22281E4C1EC967D1002DA3A9 /* b2WheelJoint.h */ = {isa = PBXFileReference; fileEncoding = 4; lastKnownFileType = sourcecode.c.h; path = b2WheelJoint.h; sourceTree = "<group>"; };
		22281E4E1EC967D1002DA3A9 /* b2Particle.cpp */ = {isa = PBXFileReference; fileEncoding = 4; lastKnownFileType = sourcecode.cpp.cpp; path = b2Particle.cpp; sourceTree = "<group>"; };
		22281E4F1EC967D1002DA3A9 /* b2Particle.h */ = {isa = PBXFileReference; fileEncoding = 4; lastKnownFileType = sourcecode.c.h; path = b2Particle.h; sourceTree = "<group>"; };
		22281E531EC967D1002DA3A9 /* b2ParticleGroup.cpp */ = {isa = PBXFileReference; fileEncoding = 4; lastKnownFileType = sourcecode.cpp.cpp; path = b2ParticleGroup.cpp; sourceTree = "<group>"; };
		22281E541EC967D1002DA3A9 /* b2ParticleGroup.h */ = {isa = PBXFileReference; fileEncoding = 4; lastKnownFileType = sourcecode.c.h; path = b2ParticleGroup.h; sourceTree = "<group>"; };
		22281E551EC967D1002DA3A9 /* b2ParticleSystem.cpp */ = {isa = PBXFileReference; fileEncoding = 4; lastKnownFileType = sourcecode.cpp.cpp; path = b2ParticleSystem.cpp; sourceTree = "<group>"; };
		22281E561EC967D1002DA3A9 /* b2ParticleSystem.h */ = {isa = PBXFileReference; fileEncoding = 4; lastKnownFileType = sourcecode.c.h; path = b2ParticleSystem.h; sourceTree = "<group>"; };
		22281E571EC967D1002DA3A9 /* b2StackQueue.h */ = {isa = PBXFileReference; fileEncoding = 4; lastKnownFileType = sourcecode.c.h; path = b2StackQueue.h; sourceTree = "<group>"; };
		22281E581EC967D1002DA3A9 /* b2VoronoiDiagram.cpp */ = {isa = PBXFileReference; fileEncoding = 4; lastKnownFileType = sourcecode.cpp.cpp; path = b2VoronoiDiagram.cpp; sourceTree = "<group>"; };
		22281E591EC967D1002DA3A9 /* b2VoronoiDiagram.h */ = {isa = PBXFileReference; fileEncoding = 4; lastKnownFileType = sourcecode.c.h; path = b2VoronoiDiagram.h; sourceTree = "<group>"; };
		22281E5B1EC967D1002DA3A9 /* b2Rope.cpp */ = {isa = PBXFileReference; fileEncoding = 4; lastKnownFileType = sourcecode.cpp.cpp; path = b2Rope.cpp; sourceTree = "<group>"; };
		22281E5C1EC967D1002DA3A9 /* b2Rope.h */ = {isa = PBXFileReference; fileEncoding = 4; lastKnownFileType = sourcecode.c.h; path = b2Rope.h; sourceTree = "<group>"; };
		22281EDB1EC96BB4002DA3A9 /* LiquidFun.h */ = {isa = PBXFileReference; fileEncoding = 4; lastKnownFileType = sourcecode.c.h; path = LiquidFun.h; sourceTree = "<group>"; };
		22281EDC1EC96BB4002DA3A9 /* LiquidFun.mm */ = {isa = PBXFileReference; fileEncoding = 4; lastKnownFileType = sourcecode.cpp.objcpp; path = LiquidFun.mm; sourceTree = "<group>"; };
		22281EDE1EC96C50002DA3A9 /* Bridging-Header.h */ = {isa = PBXFileReference; lastKnownFileType = sourcecode.c.h; path = "Bridging-Header.h"; sourceTree = "<group>"; };
		2245FB231ECAE15C003E6148 /* AudioKit.framework */ = {isa = PBXFileReference; lastKnownFileType = wrapper.framework; path = AudioKit.framework; sourceTree = "<group>"; };
		22C7BD131EC9A10900D7C573 /* Shaders.metal */ = {isa = PBXFileReference; fileEncoding = 4; lastKnownFileType = sourcecode.metal; path = Shaders.metal; sourceTree = "<group>"; };
/* End PBXFileReference section */

/* Begin PBXFrameworksBuildPhase section */
		22281D621EC96728002DA3A9 /* Frameworks */ = {
			isa = PBXFrameworksBuildPhase;
			buildActionMask = 2147483647;
			files = (
				2245FB241ECAE15C003E6148 /* AudioKit.framework in Frameworks */,
			);
			runOnlyForDeploymentPostprocessing = 0;
		};
		22281D761EC96729002DA3A9 /* Frameworks */ = {
			isa = PBXFrameworksBuildPhase;
			buildActionMask = 2147483647;
			files = (
			);
			runOnlyForDeploymentPostprocessing = 0;
		};
		22281D811EC96729002DA3A9 /* Frameworks */ = {
			isa = PBXFrameworksBuildPhase;
			buildActionMask = 2147483647;
			files = (
			);
			runOnlyForDeploymentPostprocessing = 0;
		};
/* End PBXFrameworksBuildPhase section */

/* Begin PBXGroup section */
		22281D5C1EC96728002DA3A9 = {
			isa = PBXGroup;
			children = (
				2245FB231ECAE15C003E6148 /* AudioKit.framework */,
				22281D671EC96728002DA3A9 /* OrlyLiquidMetal */,
				22281D7C1EC96729002DA3A9 /* OrlyLiquidMetalTests */,
				22281D871EC96729002DA3A9 /* OrlyLiquidMetalUITests */,
				22281D661EC96728002DA3A9 /* Products */,
			);
			sourceTree = "<group>";
		};
		22281D661EC96728002DA3A9 /* Products */ = {
			isa = PBXGroup;
			children = (
				22281D651EC96728002DA3A9 /* OrlyLiquidMetal.app */,
				22281D791EC96729002DA3A9 /* OrlyLiquidMetalTests.xctest */,
				22281D841EC96729002DA3A9 /* OrlyLiquidMetalUITests.xctest */,
			);
			name = Products;
			sourceTree = "<group>";
		};
		22281D671EC96728002DA3A9 /* OrlyLiquidMetal */ = {
			isa = PBXGroup;
			children = (
				22281D961EC967D0002DA3A9 /* Box2D */,
				22281D681EC96728002DA3A9 /* AppDelegate.swift */,
				22281D6A1EC96728002DA3A9 /* ViewController.swift */,
				22281D6C1EC96729002DA3A9 /* Main.storyboard */,
				22281D6F1EC96729002DA3A9 /* Assets.xcassets */,
				22281D711EC96729002DA3A9 /* LaunchScreen.storyboard */,
				22281D741EC96729002DA3A9 /* Info.plist */,
				22281EDB1EC96BB4002DA3A9 /* LiquidFun.h */,
				22281EDC1EC96BB4002DA3A9 /* LiquidFun.mm */,
				22281EDE1EC96C50002DA3A9 /* Bridging-Header.h */,
				22C7BD131EC9A10900D7C573 /* Shaders.metal */,
			);
			path = OrlyLiquidMetal;
			sourceTree = "<group>";
		};
		22281D7C1EC96729002DA3A9 /* OrlyLiquidMetalTests */ = {
			isa = PBXGroup;
			children = (
				22281D7D1EC96729002DA3A9 /* OrlyLiquidMetalTests.swift */,
				22281D7F1EC96729002DA3A9 /* Info.plist */,
			);
			path = OrlyLiquidMetalTests;
			sourceTree = "<group>";
		};
		22281D871EC96729002DA3A9 /* OrlyLiquidMetalUITests */ = {
			isa = PBXGroup;
			children = (
				22281D881EC96729002DA3A9 /* OrlyLiquidMetalUITests.swift */,
				22281D8A1EC96729002DA3A9 /* Info.plist */,
			);
			path = OrlyLiquidMetalUITests;
			sourceTree = "<group>";
		};
		22281D961EC967D0002DA3A9 /* Box2D */ = {
			isa = PBXGroup;
			children = (
				22281D971EC967D0002DA3A9 /* Box2D.h */,
				22281D9A1EC967D0002DA3A9 /* Collision */,
				22281DB21EC967D0002DA3A9 /* Common */,
				22281E131EC967D0002DA3A9 /* Dynamics */,
				22281E4D1EC967D1002DA3A9 /* Particle */,
				22281E5A1EC967D1002DA3A9 /* Rope */,
			);
			path = Box2D;
			sourceTree = "<group>";
		};
		22281D9A1EC967D0002DA3A9 /* Collision */ = {
			isa = PBXGroup;
			children = (
				22281D9B1EC967D0002DA3A9 /* b2BroadPhase.cpp */,
				22281D9C1EC967D0002DA3A9 /* b2BroadPhase.h */,
				22281D9D1EC967D0002DA3A9 /* b2CollideCircle.cpp */,
				22281D9E1EC967D0002DA3A9 /* b2CollideEdge.cpp */,
				22281D9F1EC967D0002DA3A9 /* b2CollidePolygon.cpp */,
				22281DA01EC967D0002DA3A9 /* b2Collision.cpp */,
				22281DA11EC967D0002DA3A9 /* b2Collision.h */,
				22281DA21EC967D0002DA3A9 /* b2Distance.cpp */,
				22281DA31EC967D0002DA3A9 /* b2Distance.h */,
				22281DA41EC967D0002DA3A9 /* b2DynamicTree.cpp */,
				22281DA51EC967D0002DA3A9 /* b2DynamicTree.h */,
				22281DA61EC967D0002DA3A9 /* b2TimeOfImpact.cpp */,
				22281DA71EC967D0002DA3A9 /* b2TimeOfImpact.h */,
				22281DA81EC967D0002DA3A9 /* Shapes */,
			);
			path = Collision;
			sourceTree = "<group>";
		};
		22281DA81EC967D0002DA3A9 /* Shapes */ = {
			isa = PBXGroup;
			children = (
				22281DA91EC967D0002DA3A9 /* b2ChainShape.cpp */,
				22281DAA1EC967D0002DA3A9 /* b2ChainShape.h */,
				22281DAB1EC967D0002DA3A9 /* b2CircleShape.cpp */,
				22281DAC1EC967D0002DA3A9 /* b2CircleShape.h */,
				22281DAD1EC967D0002DA3A9 /* b2EdgeShape.cpp */,
				22281DAE1EC967D0002DA3A9 /* b2EdgeShape.h */,
				22281DAF1EC967D0002DA3A9 /* b2PolygonShape.cpp */,
				22281DB01EC967D0002DA3A9 /* b2PolygonShape.h */,
				22281DB11EC967D0002DA3A9 /* b2Shape.h */,
			);
			path = Shapes;
			sourceTree = "<group>";
		};
		22281DB21EC967D0002DA3A9 /* Common */ = {
			isa = PBXGroup;
			children = (
				22281DB31EC967D0002DA3A9 /* b2BlockAllocator.cpp */,
				22281DB41EC967D0002DA3A9 /* b2BlockAllocator.h */,
				22281DB51EC967D0002DA3A9 /* b2Draw.cpp */,
				22281DB61EC967D0002DA3A9 /* b2Draw.h */,
				22281DB71EC967D0002DA3A9 /* b2FreeList.cpp */,
				22281DB81EC967D0002DA3A9 /* b2FreeList.h */,
				22281DB91EC967D0002DA3A9 /* b2GrowableBuffer.h */,
				22281DBA1EC967D0002DA3A9 /* b2GrowableStack.h */,
				22281DBB1EC967D0002DA3A9 /* b2IntrusiveList.h */,
				22281DBC1EC967D0002DA3A9 /* b2Math.cpp */,
				22281DBD1EC967D0002DA3A9 /* b2Math.h */,
				22281DBE1EC967D0002DA3A9 /* b2Settings.cpp */,
				22281DBF1EC967D0002DA3A9 /* b2Settings.h */,
				22281DC01EC967D0002DA3A9 /* b2SlabAllocator.h */,
				22281DC11EC967D0002DA3A9 /* b2StackAllocator.cpp */,
				22281DC21EC967D0002DA3A9 /* b2StackAllocator.h */,
				22281DC31EC967D0002DA3A9 /* b2Stat.cpp */,
				22281DC41EC967D0002DA3A9 /* b2Stat.h */,
				22281DC51EC967D0002DA3A9 /* b2Timer.cpp */,
				22281DC61EC967D0002DA3A9 /* b2Timer.h */,
				22281DC71EC967D0002DA3A9 /* b2TrackedBlock.cpp */,
				22281DC81EC967D0002DA3A9 /* b2TrackedBlock.h */,
			);
			path = Common;
			sourceTree = "<group>";
		};
		22281E131EC967D0002DA3A9 /* Dynamics */ = {
			isa = PBXGroup;
			children = (
				22281E141EC967D0002DA3A9 /* b2Body.cpp */,
				22281E151EC967D0002DA3A9 /* b2Body.h */,
				22281E161EC967D0002DA3A9 /* b2ContactManager.cpp */,
				22281E171EC967D0002DA3A9 /* b2ContactManager.h */,
				22281E181EC967D0002DA3A9 /* b2Fixture.cpp */,
				22281E191EC967D0002DA3A9 /* b2Fixture.h */,
				22281E1A1EC967D0002DA3A9 /* b2Island.cpp */,
				22281E1B1EC967D0002DA3A9 /* b2Island.h */,
				22281E1C1EC967D0002DA3A9 /* b2TimeStep.h */,
				22281E1D1EC967D0002DA3A9 /* b2World.cpp */,
				22281E1E1EC967D0002DA3A9 /* b2World.h */,
				22281E1F1EC967D1002DA3A9 /* b2WorldCallbacks.cpp */,
				22281E201EC967D1002DA3A9 /* b2WorldCallbacks.h */,
				22281E211EC967D1002DA3A9 /* Contacts */,
				22281E341EC967D1002DA3A9 /* Joints */,
			);
			path = Dynamics;
			sourceTree = "<group>";
		};
		22281E211EC967D1002DA3A9 /* Contacts */ = {
			isa = PBXGroup;
			children = (
				22281E221EC967D1002DA3A9 /* b2ChainAndCircleContact.cpp */,
				22281E231EC967D1002DA3A9 /* b2ChainAndCircleContact.h */,
				22281E241EC967D1002DA3A9 /* b2ChainAndPolygonContact.cpp */,
				22281E251EC967D1002DA3A9 /* b2ChainAndPolygonContact.h */,
				22281E261EC967D1002DA3A9 /* b2CircleContact.cpp */,
				22281E271EC967D1002DA3A9 /* b2CircleContact.h */,
				22281E281EC967D1002DA3A9 /* b2Contact.cpp */,
				22281E291EC967D1002DA3A9 /* b2Contact.h */,
				22281E2A1EC967D1002DA3A9 /* b2ContactSolver.cpp */,
				22281E2B1EC967D1002DA3A9 /* b2ContactSolver.h */,
				22281E2C1EC967D1002DA3A9 /* b2EdgeAndCircleContact.cpp */,
				22281E2D1EC967D1002DA3A9 /* b2EdgeAndCircleContact.h */,
				22281E2E1EC967D1002DA3A9 /* b2EdgeAndPolygonContact.cpp */,
				22281E2F1EC967D1002DA3A9 /* b2EdgeAndPolygonContact.h */,
				22281E301EC967D1002DA3A9 /* b2PolygonAndCircleContact.cpp */,
				22281E311EC967D1002DA3A9 /* b2PolygonAndCircleContact.h */,
				22281E321EC967D1002DA3A9 /* b2PolygonContact.cpp */,
				22281E331EC967D1002DA3A9 /* b2PolygonContact.h */,
			);
			path = Contacts;
			sourceTree = "<group>";
		};
		22281E341EC967D1002DA3A9 /* Joints */ = {
			isa = PBXGroup;
			children = (
				22281E351EC967D1002DA3A9 /* b2DistanceJoint.cpp */,
				22281E361EC967D1002DA3A9 /* b2DistanceJoint.h */,
				22281E371EC967D1002DA3A9 /* b2FrictionJoint.cpp */,
				22281E381EC967D1002DA3A9 /* b2FrictionJoint.h */,
				22281E391EC967D1002DA3A9 /* b2GearJoint.cpp */,
				22281E3A1EC967D1002DA3A9 /* b2GearJoint.h */,
				22281E3B1EC967D1002DA3A9 /* b2Joint.cpp */,
				22281E3C1EC967D1002DA3A9 /* b2Joint.h */,
				22281E3D1EC967D1002DA3A9 /* b2MotorJoint.cpp */,
				22281E3E1EC967D1002DA3A9 /* b2MotorJoint.h */,
				22281E3F1EC967D1002DA3A9 /* b2MouseJoint.cpp */,
				22281E401EC967D1002DA3A9 /* b2MouseJoint.h */,
				22281E411EC967D1002DA3A9 /* b2PrismaticJoint.cpp */,
				22281E421EC967D1002DA3A9 /* b2PrismaticJoint.h */,
				22281E431EC967D1002DA3A9 /* b2PulleyJoint.cpp */,
				22281E441EC967D1002DA3A9 /* b2PulleyJoint.h */,
				22281E451EC967D1002DA3A9 /* b2RevoluteJoint.cpp */,
				22281E461EC967D1002DA3A9 /* b2RevoluteJoint.h */,
				22281E471EC967D1002DA3A9 /* b2RopeJoint.cpp */,
				22281E481EC967D1002DA3A9 /* b2RopeJoint.h */,
				22281E491EC967D1002DA3A9 /* b2WeldJoint.cpp */,
				22281E4A1EC967D1002DA3A9 /* b2WeldJoint.h */,
				22281E4B1EC967D1002DA3A9 /* b2WheelJoint.cpp */,
				22281E4C1EC967D1002DA3A9 /* b2WheelJoint.h */,
			);
			path = Joints;
			sourceTree = "<group>";
		};
		22281E4D1EC967D1002DA3A9 /* Particle */ = {
			isa = PBXGroup;
			children = (
				22281E4E1EC967D1002DA3A9 /* b2Particle.cpp */,
				22281E4F1EC967D1002DA3A9 /* b2Particle.h */,
				22281E531EC967D1002DA3A9 /* b2ParticleGroup.cpp */,
				22281E541EC967D1002DA3A9 /* b2ParticleGroup.h */,
				22281E551EC967D1002DA3A9 /* b2ParticleSystem.cpp */,
				22281E561EC967D1002DA3A9 /* b2ParticleSystem.h */,
				22281E571EC967D1002DA3A9 /* b2StackQueue.h */,
				22281E581EC967D1002DA3A9 /* b2VoronoiDiagram.cpp */,
				22281E591EC967D1002DA3A9 /* b2VoronoiDiagram.h */,
			);
			path = Particle;
			sourceTree = "<group>";
		};
		22281E5A1EC967D1002DA3A9 /* Rope */ = {
			isa = PBXGroup;
			children = (
				22281E5B1EC967D1002DA3A9 /* b2Rope.cpp */,
				22281E5C1EC967D1002DA3A9 /* b2Rope.h */,
			);
			path = Rope;
			sourceTree = "<group>";
		};
/* End PBXGroup section */

/* Begin PBXNativeTarget section */
		22281D641EC96728002DA3A9 /* OrlyLiquidMetal */ = {
			isa = PBXNativeTarget;
			buildConfigurationList = 22281D8D1EC96729002DA3A9 /* Build configuration list for PBXNativeTarget "OrlyLiquidMetal" */;
			buildPhases = (
				22281D611EC96728002DA3A9 /* Sources */,
				22281D621EC96728002DA3A9 /* Frameworks */,
				22281D631EC96728002DA3A9 /* Resources */,
				2245FB261ECAE15C003E6148 /* Embed Frameworks */,
			);
			buildRules = (
			);
			dependencies = (
			);
			name = OrlyLiquidMetal;
			productName = OrlyLiquidMetal;
			productReference = 22281D651EC96728002DA3A9 /* OrlyLiquidMetal.app */;
			productType = "com.apple.product-type.application";
		};
		22281D781EC96729002DA3A9 /* OrlyLiquidMetalTests */ = {
			isa = PBXNativeTarget;
			buildConfigurationList = 22281D901EC96729002DA3A9 /* Build configuration list for PBXNativeTarget "OrlyLiquidMetalTests" */;
			buildPhases = (
				22281D751EC96729002DA3A9 /* Sources */,
				22281D761EC96729002DA3A9 /* Frameworks */,
				22281D771EC96729002DA3A9 /* Resources */,
			);
			buildRules = (
			);
			dependencies = (
				22281D7B1EC96729002DA3A9 /* PBXTargetDependency */,
			);
			name = OrlyLiquidMetalTests;
			productName = OrlyLiquidMetalTests;
			productReference = 22281D791EC96729002DA3A9 /* OrlyLiquidMetalTests.xctest */;
			productType = "com.apple.product-type.bundle.unit-test";
		};
		22281D831EC96729002DA3A9 /* OrlyLiquidMetalUITests */ = {
			isa = PBXNativeTarget;
			buildConfigurationList = 22281D931EC96729002DA3A9 /* Build configuration list for PBXNativeTarget "OrlyLiquidMetalUITests" */;
			buildPhases = (
				22281D801EC96729002DA3A9 /* Sources */,
				22281D811EC96729002DA3A9 /* Frameworks */,
				22281D821EC96729002DA3A9 /* Resources */,
			);
			buildRules = (
			);
			dependencies = (
				22281D861EC96729002DA3A9 /* PBXTargetDependency */,
			);
			name = OrlyLiquidMetalUITests;
			productName = OrlyLiquidMetalUITests;
			productReference = 22281D841EC96729002DA3A9 /* OrlyLiquidMetalUITests.xctest */;
			productType = "com.apple.product-type.bundle.ui-testing";
		};
/* End PBXNativeTarget section */

/* Begin PBXProject section */
		22281D5D1EC96728002DA3A9 /* Project object */ = {
			isa = PBXProject;
			attributes = {
				LastSwiftUpdateCheck = 0830;
				LastUpgradeCheck = 0830;
				ORGANIZATIONNAME = "Orlando Gordillo";
				TargetAttributes = {
					22281D641EC96728002DA3A9 = {
						CreatedOnToolsVersion = 8.3.2;
						DevelopmentTeam = 5D8EE7CC3K;
						ProvisioningStyle = Automatic;
					};
					22281D781EC96729002DA3A9 = {
						CreatedOnToolsVersion = 8.3.2;
						ProvisioningStyle = Automatic;
						TestTargetID = 22281D641EC96728002DA3A9;
					};
					22281D831EC96729002DA3A9 = {
						CreatedOnToolsVersion = 8.3.2;
						ProvisioningStyle = Automatic;
						TestTargetID = 22281D641EC96728002DA3A9;
					};
				};
			};
			buildConfigurationList = 22281D601EC96728002DA3A9 /* Build configuration list for PBXProject "OrlyLiquidMetal" */;
			compatibilityVersion = "Xcode 3.2";
			developmentRegion = English;
			hasScannedForEncodings = 0;
			knownRegions = (
				en,
				Base,
			);
			mainGroup = 22281D5C1EC96728002DA3A9;
			productRefGroup = 22281D661EC96728002DA3A9 /* Products */;
			projectDirPath = "";
			projectRoot = "";
			targets = (
				22281D641EC96728002DA3A9 /* OrlyLiquidMetal */,
				22281D781EC96729002DA3A9 /* OrlyLiquidMetalTests */,
				22281D831EC96729002DA3A9 /* OrlyLiquidMetalUITests */,
			);
		};
/* End PBXProject section */

/* Begin PBXResourcesBuildPhase section */
		22281D631EC96728002DA3A9 /* Resources */ = {
			isa = PBXResourcesBuildPhase;
			buildActionMask = 2147483647;
			files = (
				22281D731EC96729002DA3A9 /* LaunchScreen.storyboard in Resources */,
				22281D701EC96729002DA3A9 /* Assets.xcassets in Resources */,
				22281D6E1EC96729002DA3A9 /* Main.storyboard in Resources */,
			);
			runOnlyForDeploymentPostprocessing = 0;
		};
		22281D771EC96729002DA3A9 /* Resources */ = {
			isa = PBXResourcesBuildPhase;
			buildActionMask = 2147483647;
			files = (
			);
			runOnlyForDeploymentPostprocessing = 0;
		};
		22281D821EC96729002DA3A9 /* Resources */ = {
			isa = PBXResourcesBuildPhase;
			buildActionMask = 2147483647;
			files = (
			);
			runOnlyForDeploymentPostprocessing = 0;
		};
/* End PBXResourcesBuildPhase section */

/* Begin PBXSourcesBuildPhase section */
		22281D611EC96728002DA3A9 /* Sources */ = {
			isa = PBXSourcesBuildPhase;
			buildActionMask = 2147483647;
			files = (
				22C7BD141EC9A10900D7C573 /* Shaders.metal in Sources */,
				22281E601EC967D1002DA3A9 /* b2BroadPhase.cpp in Sources */,
				22281ED71EC967D1002DA3A9 /* b2ParticleSystem.cpp in Sources */,
				22281ECE1EC967D1002DA3A9 /* b2PulleyJoint.cpp in Sources */,
				22281ED31EC967D1002DA3A9 /* b2Particle.cpp in Sources */,
				22281E6F1EC967D1002DA3A9 /* b2Math.cpp in Sources */,
				22281EC81EC967D1002DA3A9 /* b2FrictionJoint.cpp in Sources */,
				22281ECA1EC967D1002DA3A9 /* b2Joint.cpp in Sources */,
				22281EDD1EC96BB4002DA3A9 /* LiquidFun.mm in Sources */,
				22281ED21EC967D1002DA3A9 /* b2WheelJoint.cpp in Sources */,
				22281EC91EC967D1002DA3A9 /* b2GearJoint.cpp in Sources */,
				22281D6B1EC96728002DA3A9 /* ViewController.swift in Sources */,
				22281E6B1EC967D1002DA3A9 /* b2PolygonShape.cpp in Sources */,
				22281EC61EC967D1002DA3A9 /* b2PolygonContact.cpp in Sources */,
				22281EB91EC967D1002DA3A9 /* b2ContactManager.cpp in Sources */,
				22281EC11EC967D1002DA3A9 /* b2Contact.cpp in Sources */,
				22281EBC1EC967D1002DA3A9 /* b2World.cpp in Sources */,
				22281EC31EC967D1002DA3A9 /* b2EdgeAndCircleContact.cpp in Sources */,
				22281EBF1EC967D1002DA3A9 /* b2ChainAndPolygonContact.cpp in Sources */,
				22281E741EC967D1002DA3A9 /* b2TrackedBlock.cpp in Sources */,
				22281E681EC967D1002DA3A9 /* b2ChainShape.cpp in Sources */,
				22281E641EC967D1002DA3A9 /* b2Collision.cpp in Sources */,
				22281E6A1EC967D1002DA3A9 /* b2EdgeShape.cpp in Sources */,
				22281ED91EC967D1002DA3A9 /* b2Rope.cpp in Sources */,
				22281E621EC967D1002DA3A9 /* b2CollideEdge.cpp in Sources */,
				22281ECB1EC967D1002DA3A9 /* b2MotorJoint.cpp in Sources */,
				22281EB81EC967D1002DA3A9 /* b2Body.cpp in Sources */,
				22281ED81EC967D1002DA3A9 /* b2VoronoiDiagram.cpp in Sources */,
				22281ECD1EC967D1002DA3A9 /* b2PrismaticJoint.cpp in Sources */,
				22281E691EC967D1002DA3A9 /* b2CircleShape.cpp in Sources */,
				22281EC21EC967D1002DA3A9 /* b2ContactSolver.cpp in Sources */,
				22281E631EC967D1002DA3A9 /* b2CollidePolygon.cpp in Sources */,
				22281EC51EC967D1002DA3A9 /* b2PolygonAndCircleContact.cpp in Sources */,
				22281E6E1EC967D1002DA3A9 /* b2FreeList.cpp in Sources */,
				22281E6C1EC967D1002DA3A9 /* b2BlockAllocator.cpp in Sources */,
				22281E711EC967D1002DA3A9 /* b2StackAllocator.cpp in Sources */,
				22281EC71EC967D1002DA3A9 /* b2DistanceJoint.cpp in Sources */,
				22281EC41EC967D1002DA3A9 /* b2EdgeAndPolygonContact.cpp in Sources */,
				22281E671EC967D1002DA3A9 /* b2TimeOfImpact.cpp in Sources */,
				22281EC01EC967D1002DA3A9 /* b2CircleContact.cpp in Sources */,
				22281E611EC967D1002DA3A9 /* b2CollideCircle.cpp in Sources */,
				22281E651EC967D1002DA3A9 /* b2Distance.cpp in Sources */,
				22281E6D1EC967D1002DA3A9 /* b2Draw.cpp in Sources */,
				22281ECF1EC967D1002DA3A9 /* b2RevoluteJoint.cpp in Sources */,
				22281E731EC967D1002DA3A9 /* b2Timer.cpp in Sources */,
				22281ED01EC967D1002DA3A9 /* b2RopeJoint.cpp in Sources */,
				22281EBE1EC967D1002DA3A9 /* b2ChainAndCircleContact.cpp in Sources */,
				22281E701EC967D1002DA3A9 /* b2Settings.cpp in Sources */,
				22281EBB1EC967D1002DA3A9 /* b2Island.cpp in Sources */,
				22281ECC1EC967D1002DA3A9 /* b2MouseJoint.cpp in Sources */,
				22281E721EC967D1002DA3A9 /* b2Stat.cpp in Sources */,
				22281ED61EC967D1002DA3A9 /* b2ParticleGroup.cpp in Sources */,
				22281ED11EC967D1002DA3A9 /* b2WeldJoint.cpp in Sources */,
				22281D691EC96728002DA3A9 /* AppDelegate.swift in Sources */,
				22281EBA1EC967D1002DA3A9 /* b2Fixture.cpp in Sources */,
				22281E661EC967D1002DA3A9 /* b2DynamicTree.cpp in Sources */,
				22281EBD1EC967D1002DA3A9 /* b2WorldCallbacks.cpp in Sources */,
			);
			runOnlyForDeploymentPostprocessing = 0;
		};
		22281D751EC96729002DA3A9 /* Sources */ = {
			isa = PBXSourcesBuildPhase;
			buildActionMask = 2147483647;
			files = (
				22281D7E1EC96729002DA3A9 /* OrlyLiquidMetalTests.swift in Sources */,
			);
			runOnlyForDeploymentPostprocessing = 0;
		};
		22281D801EC96729002DA3A9 /* Sources */ = {
			isa = PBXSourcesBuildPhase;
			buildActionMask = 2147483647;
			files = (
				22281D891EC96729002DA3A9 /* OrlyLiquidMetalUITests.swift in Sources */,
			);
			runOnlyForDeploymentPostprocessing = 0;
		};
/* End PBXSourcesBuildPhase section */

/* Begin PBXTargetDependency section */
		22281D7B1EC96729002DA3A9 /* PBXTargetDependency */ = {
			isa = PBXTargetDependency;
			target = 22281D641EC96728002DA3A9 /* OrlyLiquidMetal */;
			targetProxy = 22281D7A1EC96729002DA3A9 /* PBXContainerItemProxy */;
		};
		22281D861EC96729002DA3A9 /* PBXTargetDependency */ = {
			isa = PBXTargetDependency;
			target = 22281D641EC96728002DA3A9 /* OrlyLiquidMetal */;
			targetProxy = 22281D851EC96729002DA3A9 /* PBXContainerItemProxy */;
		};
/* End PBXTargetDependency section */

/* Begin PBXVariantGroup section */
		22281D6C1EC96729002DA3A9 /* Main.storyboard */ = {
			isa = PBXVariantGroup;
			children = (
				22281D6D1EC96729002DA3A9 /* Base */,
			);
			name = Main.storyboard;
			sourceTree = "<group>";
		};
		22281D711EC96729002DA3A9 /* LaunchScreen.storyboard */ = {
			isa = PBXVariantGroup;
			children = (
				22281D721EC96729002DA3A9 /* Base */,
			);
			name = LaunchScreen.storyboard;
			sourceTree = "<group>";
		};
/* End PBXVariantGroup section */

/* Begin XCBuildConfiguration section */
		22281D8B1EC96729002DA3A9 /* Debug */ = {
			isa = XCBuildConfiguration;
			buildSettings = {
				ALWAYS_SEARCH_USER_PATHS = NO;
				CLANG_ANALYZER_NONNULL = YES;
				CLANG_ANALYZER_NUMBER_OBJECT_CONVERSION = YES_AGGRESSIVE;
				CLANG_CXX_LANGUAGE_STANDARD = "gnu++0x";
				CLANG_CXX_LIBRARY = "libc++";
				CLANG_ENABLE_MODULES = YES;
				CLANG_ENABLE_OBJC_ARC = YES;
				CLANG_WARN_BOOL_CONVERSION = YES;
				CLANG_WARN_CONSTANT_CONVERSION = YES;
				CLANG_WARN_DIRECT_OBJC_ISA_USAGE = YES_ERROR;
				CLANG_WARN_DOCUMENTATION_COMMENTS = YES;
				CLANG_WARN_EMPTY_BODY = YES;
				CLANG_WARN_ENUM_CONVERSION = YES;
				CLANG_WARN_INFINITE_RECURSION = YES;
				CLANG_WARN_INT_CONVERSION = YES;
				CLANG_WARN_OBJC_ROOT_CLASS = YES_ERROR;
				CLANG_WARN_SUSPICIOUS_MOVE = YES;
				CLANG_WARN_UNREACHABLE_CODE = YES;
				CLANG_WARN__DUPLICATE_METHOD_MATCH = YES;
				"CODE_SIGN_IDENTITY[sdk=iphoneos*]" = "iPhone Developer";
				COPY_PHASE_STRIP = NO;
				DEBUG_INFORMATION_FORMAT = dwarf;
				ENABLE_STRICT_OBJC_MSGSEND = YES;
				ENABLE_TESTABILITY = YES;
				GCC_C_LANGUAGE_STANDARD = gnu99;
				GCC_DYNAMIC_NO_PIC = NO;
				GCC_NO_COMMON_BLOCKS = YES;
				GCC_OPTIMIZATION_LEVEL = 0;
				GCC_PREPROCESSOR_DEFINITIONS = (
					"DEBUG=1",
					"$(inherited)",
				);
				GCC_WARN_64_TO_32_BIT_CONVERSION = YES;
				GCC_WARN_ABOUT_RETURN_TYPE = YES_ERROR;
				GCC_WARN_UNDECLARED_SELECTOR = YES;
				GCC_WARN_UNINITIALIZED_AUTOS = YES_AGGRESSIVE;
				GCC_WARN_UNUSED_FUNCTION = YES;
				GCC_WARN_UNUSED_VARIABLE = YES;
				IPHONEOS_DEPLOYMENT_TARGET = 10.3;
				MTL_ENABLE_DEBUG_INFO = YES;
				ONLY_ACTIVE_ARCH = YES;
				SDKROOT = iphoneos;
				SWIFT_ACTIVE_COMPILATION_CONDITIONS = DEBUG;
				SWIFT_OPTIMIZATION_LEVEL = "-Onone";
				TARGETED_DEVICE_FAMILY = "1,2";
			};
			name = Debug;
		};
		22281D8C1EC96729002DA3A9 /* Release */ = {
			isa = XCBuildConfiguration;
			buildSettings = {
				ALWAYS_SEARCH_USER_PATHS = NO;
				CLANG_ANALYZER_NONNULL = YES;
				CLANG_ANALYZER_NUMBER_OBJECT_CONVERSION = YES_AGGRESSIVE;
				CLANG_CXX_LANGUAGE_STANDARD = "gnu++0x";
				CLANG_CXX_LIBRARY = "libc++";
				CLANG_ENABLE_MODULES = YES;
				CLANG_ENABLE_OBJC_ARC = YES;
				CLANG_WARN_BOOL_CONVERSION = YES;
				CLANG_WARN_CONSTANT_CONVERSION = YES;
				CLANG_WARN_DIRECT_OBJC_ISA_USAGE = YES_ERROR;
				CLANG_WARN_DOCUMENTATION_COMMENTS = YES;
				CLANG_WARN_EMPTY_BODY = YES;
				CLANG_WARN_ENUM_CONVERSION = YES;
				CLANG_WARN_INFINITE_RECURSION = YES;
				CLANG_WARN_INT_CONVERSION = YES;
				CLANG_WARN_OBJC_ROOT_CLASS = YES_ERROR;
				CLANG_WARN_SUSPICIOUS_MOVE = YES;
				CLANG_WARN_UNREACHABLE_CODE = YES;
				CLANG_WARN__DUPLICATE_METHOD_MATCH = YES;
				"CODE_SIGN_IDENTITY[sdk=iphoneos*]" = "iPhone Developer";
				COPY_PHASE_STRIP = NO;
				DEBUG_INFORMATION_FORMAT = "dwarf-with-dsym";
				ENABLE_NS_ASSERTIONS = NO;
				ENABLE_STRICT_OBJC_MSGSEND = YES;
				GCC_C_LANGUAGE_STANDARD = gnu99;
				GCC_NO_COMMON_BLOCKS = YES;
				GCC_WARN_64_TO_32_BIT_CONVERSION = YES;
				GCC_WARN_ABOUT_RETURN_TYPE = YES_ERROR;
				GCC_WARN_UNDECLARED_SELECTOR = YES;
				GCC_WARN_UNINITIALIZED_AUTOS = YES_AGGRESSIVE;
				GCC_WARN_UNUSED_FUNCTION = YES;
				GCC_WARN_UNUSED_VARIABLE = YES;
				IPHONEOS_DEPLOYMENT_TARGET = 10.3;
				MTL_ENABLE_DEBUG_INFO = NO;
				SDKROOT = iphoneos;
				SWIFT_OPTIMIZATION_LEVEL = "-Owholemodule";
				TARGETED_DEVICE_FAMILY = "1,2";
				VALIDATE_PRODUCT = YES;
			};
			name = Release;
		};
		22281D8E1EC96729002DA3A9 /* Debug */ = {
			isa = XCBuildConfiguration;
			buildSettings = {
				ASSETCATALOG_COMPILER_APPICON_NAME = AppIcon;
				DEVELOPMENT_TEAM = 5D8EE7CC3K;
				FRAMEWORK_SEARCH_PATHS = (
					"$(inherited)",
					"$(PROJECT_DIR)",
				);
				HEADER_SEARCH_PATHS = "$(SRCROOT)/OrlyLiquidMetal";
				INFOPLIST_FILE = OrlyLiquidMetal/Info.plist;
				LD_RUNPATH_SEARCH_PATHS = "$(inherited) @executable_path/Frameworks";
				LIBRARY_SEARCH_PATHS = (
					"$(inherited)",
					"$(PROJECT_DIR)/Pods/AudioKit/AudioKit/Platforms/iOS/libs",
					"$(PROJECT_DIR)/OrlyLiquidMetal/AudioKit/Platforms/iOS/libs",
				);
				PRODUCT_BUNDLE_IDENTIFIER = com.orly.OrlyLiquidMetal;
				PRODUCT_NAME = "$(TARGET_NAME)";
				SWIFT_OBJC_BRIDGING_HEADER = "OrlyLiquidMetal/Bridging-Header.h";
				SWIFT_VERSION = 3.0;
			};
			name = Debug;
		};
		22281D8F1EC96729002DA3A9 /* Release */ = {
			isa = XCBuildConfiguration;
			buildSettings = {
				ASSETCATALOG_COMPILER_APPICON_NAME = AppIcon;
				DEVELOPMENT_TEAM = 5D8EE7CC3K;
				FRAMEWORK_SEARCH_PATHS = (
					"$(inherited)",
					"$(PROJECT_DIR)",
				);
				HEADER_SEARCH_PATHS = "$(SRCROOT)/OrlyLiquidMetal";
				INFOPLIST_FILE = OrlyLiquidMetal/Info.plist;
				LD_RUNPATH_SEARCH_PATHS = "$(inherited) @executable_path/Frameworks";
				LIBRARY_SEARCH_PATHS = (
					"$(inherited)",
					"$(PROJECT_DIR)/Pods/AudioKit/AudioKit/Platforms/iOS/libs",
					"$(PROJECT_DIR)/OrlyLiquidMetal/AudioKit/Platforms/iOS/libs",
				);
				PRODUCT_BUNDLE_IDENTIFIER = com.orly.OrlyLiquidMetal;
				PRODUCT_NAME = "$(TARGET_NAME)";
				SWIFT_OBJC_BRIDGING_HEADER = "OrlyLiquidMetal/Bridging-Header.h";
				SWIFT_VERSION = 3.0;
			};
			name = Release;
		};
		22281D911EC96729002DA3A9 /* Debug */ = {
			isa = XCBuildConfiguration;
			buildSettings = {
				ALWAYS_EMBED_SWIFT_STANDARD_LIBRARIES = YES;
				BUNDLE_LOADER = "$(TEST_HOST)";
				INFOPLIST_FILE = OrlyLiquidMetalTests/Info.plist;
				LD_RUNPATH_SEARCH_PATHS = "$(inherited) @executable_path/Frameworks @loader_path/Frameworks";
				PRODUCT_BUNDLE_IDENTIFIER = com.orly.OrlyLiquidMetalTests;
				PRODUCT_NAME = "$(TARGET_NAME)";
				SWIFT_VERSION = 3.0;
				TEST_HOST = "$(BUILT_PRODUCTS_DIR)/OrlyLiquidMetal.app/OrlyLiquidMetal";
			};
			name = Debug;
		};
		22281D921EC96729002DA3A9 /* Release */ = {
			isa = XCBuildConfiguration;
			buildSettings = {
				ALWAYS_EMBED_SWIFT_STANDARD_LIBRARIES = YES;
				BUNDLE_LOADER = "$(TEST_HOST)";
				INFOPLIST_FILE = OrlyLiquidMetalTests/Info.plist;
				LD_RUNPATH_SEARCH_PATHS = "$(inherited) @executable_path/Frameworks @loader_path/Frameworks";
				PRODUCT_BUNDLE_IDENTIFIER = com.orly.OrlyLiquidMetalTests;
				PRODUCT_NAME = "$(TARGET_NAME)";
				SWIFT_VERSION = 3.0;
				TEST_HOST = "$(BUILT_PRODUCTS_DIR)/OrlyLiquidMetal.app/OrlyLiquidMetal";
			};
			name = Release;
		};
		22281D941EC96729002DA3A9 /* Debug */ = {
			isa = XCBuildConfiguration;
			buildSettings = {
				ALWAYS_EMBED_SWIFT_STANDARD_LIBRARIES = YES;
				INFOPLIST_FILE = OrlyLiquidMetalUITests/Info.plist;
				LD_RUNPATH_SEARCH_PATHS = "$(inherited) @executable_path/Frameworks @loader_path/Frameworks";
				PRODUCT_BUNDLE_IDENTIFIER = com.orly.OrlyLiquidMetalUITests;
				PRODUCT_NAME = "$(TARGET_NAME)";
				SWIFT_VERSION = 3.0;
				TEST_TARGET_NAME = OrlyLiquidMetal;
			};
			name = Debug;
		};
		22281D951EC96729002DA3A9 /* Release */ = {
			isa = XCBuildConfiguration;
			buildSettings = {
				ALWAYS_EMBED_SWIFT_STANDARD_LIBRARIES = YES;
				INFOPLIST_FILE = OrlyLiquidMetalUITests/Info.plist;
				LD_RUNPATH_SEARCH_PATHS = "$(inherited) @executable_path/Frameworks @loader_path/Frameworks";
				PRODUCT_BUNDLE_IDENTIFIER = com.orly.OrlyLiquidMetalUITests;
				PRODUCT_NAME = "$(TARGET_NAME)";
				SWIFT_VERSION = 3.0;
				TEST_TARGET_NAME = OrlyLiquidMetal;
			};
			name = Release;
		};
/* End XCBuildConfiguration section */

/* Begin XCConfigurationList section */
		22281D601EC96728002DA3A9 /* Build configuration list for PBXProject "OrlyLiquidMetal" */ = {
			isa = XCConfigurationList;
			buildConfigurations = (
				22281D8B1EC96729002DA3A9 /* Debug */,
				22281D8C1EC96729002DA3A9 /* Release */,
			);
			defaultConfigurationIsVisible = 0;
			defaultConfigurationName = Release;
		};
		22281D8D1EC96729002DA3A9 /* Build configuration list for PBXNativeTarget "OrlyLiquidMetal" */ = {
			isa = XCConfigurationList;
			buildConfigurations = (
				22281D8E1EC96729002DA3A9 /* Debug */,
				22281D8F1EC96729002DA3A9 /* Release */,
			);
			defaultConfigurationIsVisible = 0;
			defaultConfigurationName = Release;
		};
		22281D901EC96729002DA3A9 /* Build configuration list for PBXNativeTarget "OrlyLiquidMetalTests" */ = {
			isa = XCConfigurationList;
			buildConfigurations = (
				22281D911EC96729002DA3A9 /* Debug */,
				22281D921EC96729002DA3A9 /* Release */,
			);
			defaultConfigurationIsVisible = 0;
			defaultConfigurationName = Release;
		};
		22281D931EC96729002DA3A9 /* Build configuration list for PBXNativeTarget "OrlyLiquidMetalUITests" */ = {
			isa = XCConfigurationList;
			buildConfigurations = (
				22281D941EC96729002DA3A9 /* Debug */,
				22281D951EC96729002DA3A9 /* Release */,
			);
			defaultConfigurationIsVisible = 0;
			defaultConfigurationName = Release;
		};
/* End XCConfigurationList section */
	};
	rootObject = 22281D5D1EC96728002DA3A9 /* Project object */;
}
